{
  "requires": true,
  "lockfileVersion": 1,
  "dependencies": {
    "blinkid-cordova": {
      "version": "5.2.0",
      "resolved": "https://registry.npmjs.org/blinkid-cordova/-/blinkid-cordova-5.2.0.tgz",
      "integrity": "sha512-NY1cR8Qmdr8O4bxgb5EoAQzDcF2FjnvN48EL4c0I64H6QwEa9ARJwE2m9Uki/W6kTx2bI8OHB+PaWKeDDedzEw=="
    }
  }
}
